github.com/alexedwards/flow v0.1.0 h1:2JY6lesAFIxB5uEcm4coM6FM8tLNGZovVXqRRTic8a4=
github.com/alexedwards/flow v0.1.0/go.mod h1:RtjEm3RTnsKqwE98bem/60/9cxEyZ0AQEz8GUZ0X+Ww=
golang.org/x/exp v0.0.0-20240525044651-4c93da0ed11d h1:N0hmiNbwsSNwHBAvR3QB5w25pUwH4tK0Y/RltD1j1h4=
golang.org/x/exp v0.0.0-20240525044651-4c93da0ed11d/go.mod h1:XtvwrStGgqGPLc4cjQfWqZHG1YFdYs6swckp8vpsjnc=
